# THIS IS AN AUTOGENERATED FILE. DO NOT EDIT THIS FILE DIRECTLY.
# yarn lockfile v1


bootstrap@^4.1.1:
  version "4.1.1"
  resolved "http://registry.npm.taobao.org/bootstrap/download/bootstrap-4.1.1.tgz#3aec85000fa619085da8d2e4983dfd67cf2114cb"

font-awesome@^4.7.0:
  version "4.7.0"
  resolved "http://registry.npm.taobao.org/font-awesome/download/font-awesome-4.7.0.tgz#8fa8cf0411a1a31afd07b06d2902bb9fc815a133"

highcharts@^6.1.1:
  version "6.1.1"
  resolved "http://registry.npm.taobao.org/highcharts/download/highcharts-6.1.1.tgz#49dc34f5e963744ecd7eb87603b6cdaf8304c13a"

jquery@^3.3.1:
  version "3.3.1"
  resolved "http://registry.npm.taobao.org/jquery/download/jquery-3.3.1.tgz#958ce29e81c9790f31be7792df5d4d95fc57fbca"
